{
  "name": "Client",
  "lockfileVersion": 3,
  "requires": true,
  "packages": {
    "": {
      "dependencies": {
        "bootstrap": "^5.2.3",
        "ngx-bootstrap": "^10.2.0"
      }
    },
    "node_modules/@angular/animations": {
      "version": "15.1.5",
      "resolved": "https://registry.npmjs.org/@angular/animations/-/animations-15.1.5.tgz",
      "integrity": "sha512-yac9PHy5Y72MtKQhaBSQFOdIxEJIacmJrYNRFoa82z0YCa3VrEYjvuG0x5JewBN4gQGC5IOpj2C7c9zdXZv5HA==",
      "peer": true,
      "dependencies": {
        "tslib": "^2.3.0"
      },
      "engines": {
        "node": "^14.20.0 || ^16.13.0 || >=18.10.0"
      },
      "peerDependencies": {
        "@angular/core": "15.1.5"
      }
    },
    "node_modules/@angular/common": {
      "version": "15.1.5",
      "resolved": "https://registry.npmjs.org/@angular/common/-/common-15.1.5.tgz",
      "integrity": "sha512-52Ut/IeoM3avzV3Ts/ISkq7cc1FlA6dhLUq+L3ebY+Z8zZskCWjJWu4UgLGyVdtgSuAItyQm9CoZd+DrPLYtDA==",
      "peer": true,
      "dependencies": {
        "tslib": "^2.3.0"
      },
      "engines": {
        "node": "^14.20.0 || ^16.13.0 || >=18.10.0"
      },
      "peerDependencies": {
        "@angular/core": "15.1.5",
        "rxjs": "^6.5.3 || ^7.4.0"
      }
    },
    "node_modules/@angular/core": {
      "version": "15.1.5",
      "resolved": "https://registry.npmjs.org/@angular/core/-/core-15.1.5.tgz",
      "integrity": "sha512-JCbhGVaskqrstLB8CJoPtMQKH4gryhuLFUVL5cwbVy3UJGGNmc3Gzvk+9I7zDf/D08vKyXGGmBNBVx2J65SJgw==",
      "peer": true,
      "dependencies": {
        "tslib": "^2.3.0"
      },
      "engines": {
        "node": "^14.20.0 || ^16.13.0 || >=18.10.0"
      },
      "peerDependencies": {
        "rxjs": "^6.5.3 || ^7.4.0",
        "zone.js": "~0.11.4 || ~0.12.0"
      }
    },
    "node_modules/@angular/forms": {
      "version": "15.1.5",
      "resolved": "https://registry.npmjs.org/@angular/forms/-/forms-15.1.5.tgz",
      "integrity": "sha512-FnuEdyYs1o/DJepLpTsY2/GwKTEXJ7sZlQb+NKkRWOoGpA0E4nSbhn3aCUic++MTgbZyHO0rmFKnD8TI2yyJDA==",
      "peer": true,
      "dependencies": {
        "tslib": "^2.3.0"
      },
      "engines": {
        "node": "^14.20.0 || ^16.13.0 || >=18.10.0"
      },
      "peerDependencies": {
        "@angular/common": "15.1.5",
        "@angular/core": "15.1.5",
        "@angular/platform-browser": "15.1.5",
        "rxjs": "^6.5.3 || ^7.4.0"
      }
    },
    "node_modules/@angular/platform-browser": {
      "version": "15.1.5",
      "resolved": "https://registry.npmjs.org/@angular/platform-browser/-/platform-browser-15.1.5.tgz",
      "integrity": "sha512-epeESrWEt41W6i2NqIbGKNE0Oa1JfeDtKfMXtcjUNCgT76qS3zmC0G6irO8BOVbrwpA/YI4yYx1B9vTDUXYbEg==",
      "peer": true,
      "dependencies": {
        "tslib": "^2.3.0"
      },
      "engines": {
        "node": "^14.20.0 || ^16.13.0 || >=18.10.0"
      },
      "peerDependencies": {
        "@angular/animations": "15.1.5",
        "@angular/common": "15.1.5",
        "@angular/core": "15.1.5"
      },
      "peerDependenciesMeta": {
        "@angular/animations": {
          "optional": true
        }
      }
    },
    "node_modules/@popperjs/core": {
      "version": "2.11.6",
      "resolved": "https://registry.npmjs.org/@popperjs/core/-/core-2.11.6.tgz",
      "integrity": "sha512-50/17A98tWUfQ176raKiOGXuYpLyyVMkxxG6oylzL3BPOlA6ADGdK7EYunSa4I064xerltq9TGXs8HmOk5E+vw==",
      "peer": true,
      "funding": {
        "type": "opencollective",
        "url": "https://opencollective.com/popperjs"
      }
    },
    "node_modules/bootstrap": {
      "version": "5.2.3",
      "resolved": "https://registry.npmjs.org/bootstrap/-/bootstrap-5.2.3.tgz",
      "integrity": "sha512-cEKPM+fwb3cT8NzQZYEu4HilJ3anCrWqh3CHAok1p9jXqMPsPTBhU25fBckEJHJ/p+tTxTFTsFQGM+gaHpi3QQ==",
      "funding": [
        {
          "type": "github",
          "url": "https://github.com/sponsors/twbs"
        },
        {
          "type": "opencollective",
          "url": "https://opencollective.com/bootstrap"
        }
      ],
      "peerDependencies": {
        "@popperjs/core": "^2.11.6"
      }
    },
    "node_modules/ngx-bootstrap": {
      "version": "10.2.0",
      "resolved": "https://registry.npmjs.org/ngx-bootstrap/-/ngx-bootstrap-10.2.0.tgz",
      "integrity": "sha512-bn5wdvH6QQ2JGu4TgUbozdULBFMxZNPNTgO7dRiosx9FRrFvKcgxkGSgU/xoj+4kP1vgh8zwzaiDfvH/Bfb+Aw==",
      "dependencies": {
        "tslib": "^2.3.0"
      },
      "peerDependencies": {
        "@angular/animations": "^15.0.0",
        "@angular/common": "^15.0.0",
        "@angular/core": "^15.0.0",
        "@angular/forms": "^15.0.0",
        "rxjs": "^6.5.3 || ^7.6.0"
      }
    },
    "node_modules/rxjs": {
      "version": "7.8.0",
      "resolved": "https://registry.npmjs.org/rxjs/-/rxjs-7.8.0.tgz",
      "integrity": "sha512-F2+gxDshqmIub1KdvZkaEfGDwLNpPvk9Fs6LD/MyQxNgMds/WH9OdDDXOmxUZpME+iSK3rQCctkL0DYyytUqMg==",
      "peer": true,
      "dependencies": {
        "tslib": "^2.1.0"
      }
    },
    "node_modules/tslib": {
      "version": "2.5.0",
      "resolved": "https://registry.npmjs.org/tslib/-/tslib-2.5.0.tgz",
      "integrity": "sha512-336iVw3rtn2BUK7ORdIAHTyxHGRIHVReokCR3XjbckJMK7ms8FysBfhLR8IXnAgy7T0PTPNBWKiH514FOW/WSg=="
    },
    "node_modules/zone.js": {
      "version": "0.12.0",
      "resolved": "https://registry.npmjs.org/zone.js/-/zone.js-0.12.0.tgz",
      "integrity": "sha512-XtC+I5dXU14HrzidAKBNMqneIVUykLEAA1x+v4KVrd6AUPWlwYORF8KgsVqvgdHiKZ4BkxxjvYi/ksEixTPR0Q==",
      "peer": true,
      "dependencies": {
        "tslib": "^2.3.0"
      }
    }
  }
}
